
Microsoft Visual Studio Solution File, Format Version 12.00
# Visual Studio Version 16
VisualStudioVersion = 16.0.29728.190
MinimumVisualStudioVersion = 10.0.40219.1
Project("{FAE04EC0-301F-11D3-BF4B-00C04F79EFBC}") = "ContactApp.Android", "ContactApp\ContactApp.Android\ContactApp.Android.csproj", "{01B51DA1-ECEB-4F5F-BDFC-8B6CA40A5DA0}"
EndProject
Project("{FAE04EC0-301F-11D3-BF4B-00C04F79EFBC}") = "ContactApp.iOS", "ContactApp\ContactApp.iOS\ContactApp.iOS.csproj", "{8B5AF895-D091-4EFE-8EB2-8343977A1E11}"
EndProject
Project("{FAE04EC0-301F-11D3-BF4B-00C04F79EFBC}") = "ContactApp", "ContactApp\ContactApp\ContactApp.csproj", "{E3F5FEE4-CD9F-4B1C-AB5B-8ADE3DFD0239}"
EndProject
Global
	GlobalSection(SolutionConfigurationPlatforms) = preSolution
		Debug|Any CPU = Debug|Any CPU
		Debug|iPhone = Debug|iPhone
		Debug|iPhoneSimulator = Debug|iPhoneSimulator
		Release|Any CPU = Release|Any CPU
		Release|iPhone = Release|iPhone
		Release|iPhoneSimulator = Release|iPhoneSimulator
	EndGlobalSection
	GlobalSection(ProjectConfigurationPlatforms) = postSolution
		{01B51DA1-ECEB-4F5F-BDFC-8B6CA40A5DA0}.Debug|Any CPU.ActiveCfg = Debug|Any CPU
		{01B51DA1-ECEB-4F5F-BDFC-8B6CA40A5DA0}.Debug|Any CPU.Build.0 = Debug|Any CPU
		{01B51DA1-ECEB-4F5F-BDFC-8B6CA40A5DA0}.Debug|Any CPU.Deploy.0 = Debug|Any CPU
		{01B51DA1-ECEB-4F5F-BDFC-8B6CA40A5DA0}.Debug|iPhone.ActiveCfg = Debug|Any CPU
		{01B51DA1-ECEB-4F5F-BDFC-8B6CA40A5DA0}.Debug|iPhone.Build.0 = Debug|Any CPU
		{01B51DA1-ECEB-4F5F-BDFC-8B6CA40A5DA0}.Debug|iPhone.Deploy.0 = Debug|Any CPU
		{01B51DA1-ECEB-4F5F-BDFC-8B6CA40A5DA0}.Debug|iPhoneSimulator.ActiveCfg = Debug|Any CPU
		{01B51DA1-ECEB-4F5F-BDFC-8B6CA40A5DA0}.Debug|iPhoneSimulator.Build.0 = Debug|Any CPU
		{01B51DA1-ECEB-4F5F-BDFC-8B6CA40A5DA0}.Debug|iPhoneSimulator.Deploy.0 = Debug|Any CPU
		{01B51DA1-ECEB-4F5F-BDFC-8B6CA40A5DA0}.Release|Any CPU.ActiveCfg = Release|Any CPU
		{01B51DA1-ECEB-4F5F-BDFC-8B6CA40A5DA0}.Release|Any CPU.Build.0 = Release|Any CPU
		{01B51DA1-ECEB-4F5F-BDFC-8B6CA40A5DA0}.Release|Any CPU.Deploy.0 = Release|Any CPU
		{01B51DA1-ECEB-4F5F-BDFC-8B6CA40A5DA0}.Release|iPhone.ActiveCfg = Release|Any CPU
		{01B51DA1-ECEB-4F5F-BDFC-8B6CA40A5DA0}.Release|iPhone.Build.0 = Release|Any CPU
		{01B51DA1-ECEB-4F5F-BDFC-8B6CA40A5DA0}.Release|iPhone.Deploy.0 = Release|Any CPU
		{01B51DA1-ECEB-4F5F-BDFC-8B6CA40A5DA0}.Release|iPhoneSimulator.ActiveCfg = Release|Any CPU
		{01B51DA1-ECEB-4F5F-BDFC-8B6CA40A5DA0}.Release|iPhoneSimulator.Build.0 = Release|Any CPU
		{01B51DA1-ECEB-4F5F-BDFC-8B6CA40A5DA0}.Release|iPhoneSimulator.Deploy.0 = Release|Any CPU
		{8B5AF895-D091-4EFE-8EB2-8343977A1E11}.Debug|Any CPU.ActiveCfg = Debug|iPhoneSimulator
		{8B5AF895-D091-4EFE-8EB2-8343977A1E11}.Debug|Any CPU.Build.0 = Debug|iPhoneSimulator
		{8B5AF895-D091-4EFE-8EB2-8343977A1E11}.Debug|Any CPU.Deploy.0 = Debug|iPhoneSimulator
		{8B5AF895-D091-4EFE-8EB2-8343977A1E11}.Debug|iPhone.ActiveCfg = Debug|iPhone
		{8B5AF895-D091-4EFE-8EB2-8343977A1E11}.Debug|iPhone.Build.0 = Debug|iPhone
		{8B5AF895-D091-4EFE-8EB2-8343977A1E11}.Debug|iPhone.Deploy.0 = Debug|iPhone
		{8B5AF895-D091-4EFE-8EB2-8343977A1E11}.Debug|iPhoneSimulator.ActiveCfg = Debug|iPhoneSimulator
		{8B5AF895-D091-4EFE-8EB2-8343977A1E11}.Debug|iPhoneSimulator.Build.0 = Debug|iPhoneSimulator
		{8B5AF895-D091-4EFE-8EB2-8343977A1E11}.Debug|iPhoneSimulator.Deploy.0 = Debug|iPhoneSimulator
		{8B5AF895-D091-4EFE-8EB2-8343977A1E11}.Release|Any CPU.ActiveCfg = Release|iPhone
		{8B5AF895-D091-4EFE-8EB2-8343977A1E11}.Release|Any CPU.Build.0 = Release|iPhone
		{8B5AF895-D091-4EFE-8EB2-8343977A1E11}.Release|Any CPU.Deploy.0 = Release|iPhone
		{8B5AF895-D091-4EFE-8EB2-8343977A1E11}.Release|iPhone.ActiveCfg = Release|iPhone
		{8B5AF895-D091-4EFE-8EB2-8343977A1E11}.Release|iPhone.Build.0 = Release|iPhone
		{8B5AF895-D091-4EFE-8EB2-8343977A1E11}.Release|iPhone.Deploy.0 = Release|iPhone
		{8B5AF895-D091-4EFE-8EB2-8343977A1E11}.Release|iPhoneSimulator.ActiveCfg = Release|iPhoneSimulator
		{8B5AF895-D091-4EFE-8EB2-8343977A1E11}.Release|iPhoneSimulator.Build.0 = Release|iPhoneSimulator
		{8B5AF895-D091-4EFE-8EB2-8343977A1E11}.Release|iPhoneSimulator.Deploy.0 = Release|iPhoneSimulator
		{E3F5FEE4-CD9F-4B1C-AB5B-8ADE3DFD0239}.Debug|Any CPU.ActiveCfg = Debug|Any CPU
		{E3F5FEE4-CD9F-4B1C-AB5B-8ADE3DFD0239}.Debug|Any CPU.Build.0 = Debug|Any CPU
		{E3F5FEE4-CD9F-4B1C-AB5B-8ADE3DFD0239}.Debug|Any CPU.Deploy.0 = Debug|Any CPU
		{E3F5FEE4-CD9F-4B1C-AB5B-8ADE3DFD0239}.Debug|iPhone.ActiveCfg = Debug|Any CPU
		{E3F5FEE4-CD9F-4B1C-AB5B-8ADE3DFD0239}.Debug|iPhone.Build.0 = Debug|Any CPU
		{E3F5FEE4-CD9F-4B1C-AB5B-8ADE3DFD0239}.Debug|iPhone.Deploy.0 = Debug|Any CPU
		{E3F5FEE4-CD9F-4B1C-AB5B-8ADE3DFD0239}.Debug|iPhoneSimulator.ActiveCfg = Debug|Any CPU
		{E3F5FEE4-CD9F-4B1C-AB5B-8ADE3DFD0239}.Debug|iPhoneSimulator.Build.0 = Debug|Any CPU
		{E3F5FEE4-CD9F-4B1C-AB5B-8ADE3DFD0239}.Debug|iPhoneSimulator.Deploy.0 = Debug|Any CPU
		{E3F5FEE4-CD9F-4B1C-AB5B-8ADE3DFD0239}.Release|Any CPU.ActiveCfg = Release|Any CPU
		{E3F5FEE4-CD9F-4B1C-AB5B-8ADE3DFD0239}.Release|Any CPU.Build.0 = Release|Any CPU
		{E3F5FEE4-CD9F-4B1C-AB5B-8ADE3DFD0239}.Release|Any CPU.Deploy.0 = Release|Any CPU
		{E3F5FEE4-CD9F-4B1C-AB5B-8ADE3DFD0239}.Release|iPhone.ActiveCfg = Release|Any CPU
		{E3F5FEE4-CD9F-4B1C-AB5B-8ADE3DFD0239}.Release|iPhone.Build.0 = Release|Any CPU
		{E3F5FEE4-CD9F-4B1C-AB5B-8ADE3DFD0239}.Release|iPhone.Deploy.0 = Release|Any CPU
		{E3F5FEE4-CD9F-4B1C-AB5B-8ADE3DFD0239}.Release|iPhoneSimulator.ActiveCfg = Release|Any CPU
		{E3F5FEE4-CD9F-4B1C-AB5B-8ADE3DFD0239}.Release|iPhoneSimulator.Build.0 = Release|Any CPU
		{E3F5FEE4-CD9F-4B1C-AB5B-8ADE3DFD0239}.Release|iPhoneSimulator.Deploy.0 = Release|Any CPU
	EndGlobalSection
	GlobalSection(SolutionProperties) = preSolution
		HideSolutionNode = FALSE
	EndGlobalSection
	GlobalSection(ExtensibilityGlobals) = postSolution
		SolutionGuid = {CB583E30-791B-4C8A-809B-1A9E245940A3}
	EndGlobalSection
EndGlobal
